// !$*UTF8*$!
{
	archiveVersion = 1;
	classes = {
	};
	objectVersion = 46;
	objects = {

/* Begin PBXBuildFile section */
		DBB70E8E1F39C67100E29426 /* main.m in Sources */ = {isa = PBXBuildFile; fileRef = DBB70E8D1F39C67100E29426 /* main.m */; };
		DBB70E911F39C67100E29426 /* AppDelegate.m in Sources */ = {isa = PBXBuildFile; fileRef = DBB70E901F39C67100E29426 /* AppDelegate.m */; };
		DBB70E971F39C67100E29426 /* Main.storyboard in Resources */ = {isa = PBXBuildFile; fileRef = DBB70E951F39C67100E29426 /* Main.storyboard */; };
		DBB70E991F39C67100E29426 /* Assets.xcassets in Resources */ = {isa = PBXBuildFile; fileRef = DBB70E981F39C67100E29426 /* Assets.xcassets */; };
		DBB70E9C1F39C67100E29426 /* LaunchScreen.storyboard in Resources */ = {isa = PBXBuildFile; fileRef = DBB70E9A1F39C67100E29426 /* LaunchScreen.storyboard */; };
		DBB70EA71F39C67100E29426 /* LLViewControllerTests.m in Sources */ = {isa = PBXBuildFile; fileRef = DBB70EA61F39C67100E29426 /* LLViewControllerTests.m */; };
		DBB70EB21F39C67100E29426 /* LLViewControllerUITests.m in Sources */ = {isa = PBXBuildFile; fileRef = DBB70EB11F39C67100E29426 /* LLViewControllerUITests.m */; };
		DBB70EC21F39EF7000E29426 /* BaseViewController.m in Sources */ = {isa = PBXBuildFile; fileRef = DBB70EC01F39EF7000E29426 /* BaseViewController.m */; };
		DBB70EC31F39EF7000E29426 /* BaseViewController.m in Sources */ = {isa = PBXBuildFile; fileRef = DBB70EC01F39EF7000E29426 /* BaseViewController.m */; };
		DBB70EC41F39EF7000E29426 /* BaseViewController.xib in Resources */ = {isa = PBXBuildFile; fileRef = DBB70EC11F39EF7000E29426 /* BaseViewController.xib */; };
		DBB70EC51F39EF7000E29426 /* BaseViewController.xib in Resources */ = {isa = PBXBuildFile; fileRef = DBB70EC11F39EF7000E29426 /* BaseViewController.xib */; };
/* End PBXBuildFile section */

/* Begin PBXContainerItemProxy section */
		DBB70EA31F39C67100E29426 /* PBXContainerItemProxy */ = {
			isa = PBXContainerItemProxy;
			containerPortal = DBB70E811F39C67100E29426 /* Project object */;
			proxyType = 1;
			remoteGlobalIDString = DBB70E881F39C67100E29426;
			remoteInfo = LLViewController;
		};
		DBB70EAE1F39C67100E29426 /* PBXContainerItemProxy */ = {
			isa = PBXContainerItemProxy;
			containerPortal = DBB70E811F39C67100E29426 /* Project object */;
			proxyType = 1;
			remoteGlobalIDString = DBB70E881F39C67100E29426;
			remoteInfo = LLViewController;
		};
/* End PBXContainerItemProxy section */

/* Begin PBXFileReference section */
		DBB70E891F39C67100E29426 /* LLViewController.app */ = {isa = PBXFileReference; explicitFileType = wrapper.application; includeInIndex = 0; path = LLViewController.app; sourceTree = BUILT_PRODUCTS_DIR; };
		DBB70E8D1F39C67100E29426 /* main.m */ = {isa = PBXFileReference; lastKnownFileType = sourcecode.c.objc; path = main.m; sourceTree = "<group>"; };
		DBB70E8F1F39C67100E29426 /* AppDelegate.h */ = {isa = PBXFileReference; lastKnownFileType = sourcecode.c.h; path = AppDelegate.h; sourceTree = "<group>"; };
		DBB70E901F39C67100E29426 /* AppDelegate.m */ = {isa = PBXFileReference; lastKnownFileType = sourcecode.c.objc; path = AppDelegate.m; sourceTree = "<group>"; };
		DBB70E961F39C67100E29426 /* Base */ = {isa = PBXFileReference; lastKnownFileType = file.storyboard; name = Base; path = Base.lproj/Main.storyboard; sourceTree = "<group>"; };
		DBB70E981F39C67100E29426 /* Assets.xcassets */ = {isa = PBXFileReference; lastKnownFileType = folder.assetcatalog; path = Assets.xcassets; sourceTree = "<group>"; };
		DBB70E9B1F39C67100E29426 /* Base */ = {isa = PBXFileReference; lastKnownFileType = file.storyboard; name = Base; path = Base.lproj/LaunchScreen.storyboard; sourceTree = "<group>"; };
		DBB70E9D1F39C67100E29426 /* Info.plist */ = {isa = PBXFileReference; lastKnownFileType = text.plist.xml; path = Info.plist; sourceTree = "<group>"; };
		DBB70EA21F39C67100E29426 /* LLViewControllerTests.xctest */ = {isa = PBXFileReference; explicitFileType = wrapper.cfbundle; includeInIndex = 0; path = LLViewControllerTests.xctest; sourceTree = BUILT_PRODUCTS_DIR; };
		DBB70EA61F39C67100E29426 /* LLViewControllerTests.m */ = {isa = PBXFileReference; lastKnownFileType = sourcecode.c.objc; path = LLViewControllerTests.m; sourceTree = "<group>"; };
		DBB70EA81F39C67100E29426 /* Info.plist */ = {isa = PBXFileReference; lastKnownFileType = text.plist.xml; path = Info.plist; sourceTree = "<group>"; };
		DBB70EAD1F39C67100E29426 /* LLViewControllerUITests.xctest */ = {isa = PBXFileReference; explicitFileType = wrapper.cfbundle; includeInIndex = 0; path = LLViewControllerUITests.xctest; sourceTree = BUILT_PRODUCTS_DIR; };
		DBB70EB11F39C67100E29426 /* LLViewControllerUITests.m */ = {isa = PBXFileReference; lastKnownFileType = sourcecode.c.objc; path = LLViewControllerUITests.m; sourceTree = "<group>"; };
		DBB70EB31F39C67100E29426 /* Info.plist */ = {isa = PBXFileReference; lastKnownFileType = text.plist.xml; path = Info.plist; sourceTree = "<group>"; };
		DBB70EBF1F39EF7000E29426 /* BaseViewController.h */ = {isa = PBXFileReference; fileEncoding = 4; lastKnownFileType = sourcecode.c.h; path = BaseViewController.h; sourceTree = "<group>"; };
		DBB70EC01F39EF7000E29426 /* BaseViewController.m */ = {isa = PBXFileReference; fileEncoding = 4; lastKnownFileType = sourcecode.c.objc; path = BaseViewController.m; sourceTree = "<group>"; };
		DBB70EC11F39EF7000E29426 /* BaseViewController.xib */ = {isa = PBXFileReference; fileEncoding = 4; lastKnownFileType = file.xib; path = BaseViewController.xib; sourceTree = "<group>"; };
/* End PBXFileReference section */

/* Begin PBXFrameworksBuildPhase section */
		DBB70E861F39C67100E29426 /* Frameworks */ = {
			isa = PBXFrameworksBuildPhase;
			buildActionMask = 2147483647;
			files = (
			);
			runOnlyForDeploymentPostprocessing = 0;
		};
		DBB70E9F1F39C67100E29426 /* Frameworks */ = {
			isa = PBXFrameworksBuildPhase;
			buildActionMask = 2147483647;
			files = (
			);
			runOnlyForDeploymentPostprocessing = 0;
		};
		DBB70EAA1F39C67100E29426 /* Frameworks */ = {
			isa = PBXFrameworksBuildPhase;
			buildActionMask = 2147483647;
			files = (
			);
			runOnlyForDeploymentPostprocessing = 0;
		};
/* End PBXFrameworksBuildPhase section */

/* Begin PBXGroup section */
		DBB70E801F39C67100E29426 = {
			isa = PBXGroup;
			children = (
				DBB70E8B1F39C67100E29426 /* LLViewController */,
				DBB70EA51F39C67100E29426 /* LLViewControllerTests */,
				DBB70EB01F39C67100E29426 /* LLViewControllerUITests */,
				DBB70E8A1F39C67100E29426 /* Products */,
			);
			sourceTree = "<group>";
		};
		DBB70E8A1F39C67100E29426 /* Products */ = {
			isa = PBXGroup;
			children = (
				DBB70E891F39C67100E29426 /* LLViewController.app */,
				DBB70EA21F39C67100E29426 /* LLViewControllerTests.xctest */,
				DBB70EAD1F39C67100E29426 /* LLViewControllerUITests.xctest */,
			);
			name = Products;
			sourceTree = "<group>";
		};
		DBB70E8B1F39C67100E29426 /* LLViewController */ = {
			isa = PBXGroup;
			children = (
				DBB70E8F1F39C67100E29426 /* AppDelegate.h */,
				DBB70E901F39C67100E29426 /* AppDelegate.m */,
				DBB70EBF1F39EF7000E29426 /* BaseViewController.h */,
				DBB70EC01F39EF7000E29426 /* BaseViewController.m */,
				DBB70EC11F39EF7000E29426 /* BaseViewController.xib */,
				DBB70E951F39C67100E29426 /* Main.storyboard */,
				DBB70E981F39C67100E29426 /* Assets.xcassets */,
				DBB70E9A1F39C67100E29426 /* LaunchScreen.storyboard */,
				DBB70E9D1F39C67100E29426 /* Info.plist */,
				DBB70E8C1F39C67100E29426 /* Supporting Files */,
			);
			path = LLViewController;
			sourceTree = "<group>";
		};
		DBB70E8C1F39C67100E29426 /* Supporting Files */ = {
			isa = PBXGroup;
			children = (
				DBB70E8D1F39C67100E29426 /* main.m */,
			);
			name = "Supporting Files";
			sourceTree = "<group>";
		};
		DBB70EA51F39C67100E29426 /* LLViewControllerTests */ = {
			isa = PBXGroup;
			children = (
				DBB70EA61F39C67100E29426 /* LLViewControllerTests.m */,
				DBB70EA81F39C67100E29426 /* Info.plist */,
			);
			path = LLViewControllerTests;
			sourceTree = "<group>";
		};
		DBB70EB01F39C67100E29426 /* LLViewControllerUITests */ = {
			isa = PBXGroup;
			children = (
				DBB70EB11F39C67100E29426 /* LLViewControllerUITests.m */,
				DBB70EB31F39C67100E29426 /* Info.plist */,
			);
			path = LLViewControllerUITests;
			sourceTree = "<group>";
		};
/* End PBXGroup section */

/* Begin PBXNativeTarget section */
		DBB70E881F39C67100E29426 /* LLViewController */ = {
			isa = PBXNativeTarget;
			buildConfigurationList = DBB70EB61F39C67100E29426 /* Build configuration list for PBXNativeTarget "LLViewController" */;
			buildPhases = (
				DBB70E851F39C67100E29426 /* Sources */,
				DBB70E861F39C67100E29426 /* Frameworks */,
				DBB70E871F39C67100E29426 /* Resources */,
			);
			buildRules = (
			);
			dependencies = (
			);
			name = LLViewController;
			productName = LLViewController;
			productReference = DBB70E891F39C67100E29426 /* LLViewController.app */;
			productType = "com.apple.product-type.application";
		};
		DBB70EA11F39C67100E29426 /* LLViewControllerTests */ = {
			isa = PBXNativeTarget;
			buildConfigurationList = DBB70EB91F39C67100E29426 /* Build configuration list for PBXNativeTarget "LLViewControllerTests" */;
			buildPhases = (
				DBB70E9E1F39C67100E29426 /* Sources */,
				DBB70E9F1F39C67100E29426 /* Frameworks */,
				DBB70EA01F39C67100E29426 /* Resources */,
			);
			buildRules = (
			);
			dependencies = (
				DBB70EA41F39C67100E29426 /* PBXTargetDependency */,
			);
			name = LLViewControllerTests;
			productName = LLViewControllerTests;
			productReference = DBB70EA21F39C67100E29426 /* LLViewControllerTests.xctest */;
			productType = "com.apple.product-type.bundle.unit-test";
		};
		DBB70EAC1F39C67100E29426 /* LLViewControllerUITests */ = {
			isa = PBXNativeTarget;
			buildConfigurationList = DBB70EBC1F39C67100E29426 /* Build configuration list for PBXNativeTarget "LLViewControllerUITests" */;
			buildPhases = (
				DBB70EA91F39C67100E29426 /* Sources */,
				DBB70EAA1F39C67100E29426 /* Frameworks */,
				DBB70EAB1F39C67100E29426 /* Resources */,
			);
			buildRules = (
			);
			dependencies = (
				DBB70EAF1F39C67100E29426 /* PBXTargetDependency */,
			);
			name = LLViewControllerUITests;
			productName = LLViewControllerUITests;
			productReference = DBB70EAD1F39C67100E29426 /* LLViewControllerUITests.xctest */;
			productType = "com.apple.product-type.bundle.ui-testing";
		};
/* End PBXNativeTarget section */

/* Begin PBXProject section */
		DBB70E811F39C67100E29426 /* Project object */ = {
			isa = PBXProject;
			attributes = {
				LastUpgradeCheck = 0830;
				ORGANIZATIONNAME = wanglulu;
				TargetAttributes = {
					DBB70E881F39C67100E29426 = {
						CreatedOnToolsVersion = 8.3.2;
						DevelopmentTeam = WJ4368PWTY;
						ProvisioningStyle = Automatic;
					};
					DBB70EA11F39C67100E29426 = {
						CreatedOnToolsVersion = 8.3.2;
						DevelopmentTeam = WJ4368PWTY;
						ProvisioningStyle = Automatic;
						TestTargetID = DBB70E881F39C67100E29426;
					};
					DBB70EAC1F39C67100E29426 = {
						CreatedOnToolsVersion = 8.3.2;
						DevelopmentTeam = WJ4368PWTY;
						ProvisioningStyle = Automatic;
						TestTargetID = DBB70E881F39C67100E29426;
					};
				};
			};
			buildConfigurationList = DBB70E841F39C67100E29426 /* Build configuration list for PBXProject "LLViewController" */;
			compatibilityVersion = "Xcode 3.2";
			developmentRegion = English;
			hasScannedForEncodings = 0;
			knownRegions = (
				en,
				Base,
			);
			mainGroup = DBB70E801F39C67100E29426;
			productRefGroup = DBB70E8A1F39C67100E29426 /* Products */;
			projectDirPath = "";
			projectRoot = "";
			targets = (
				DBB70E881F39C67100E29426 /* LLViewController */,
				DBB70EA11F39C67100E29426 /* LLViewControllerTests */,
				DBB70EAC1F39C67100E29426 /* LLViewControllerUITests */,
			);
		};
/* End PBXProject section */

/* Begin PBXResourcesBuildPhase section */
		DBB70E871F39C67100E29426 /* Resources */ = {
			isa = PBXResourcesBuildPhase;
			buildActionMask = 2147483647;
			files = (
				DBB70E9C1F39C67100E29426 /* LaunchScreen.storyboard in Resources */,
				DBB70EC41F39EF7000E29426 /* BaseViewController.xib in Resources */,
				DBB70E991F39C67100E29426 /* Assets.xcassets in Resources */,
				DBB70E971F39C67100E29426 /* Main.storyboard in Resources */,
			);
			runOnlyForDeploymentPostprocessing = 0;
		};
		DBB70EA01F39C67100E29426 /* Resources */ = {
			isa = PBXResourcesBuildPhase;
			buildActionMask = 2147483647;
			files = (
				DBB70EC51F39EF7000E29426 /* BaseViewController.xib in Resources */,
			);
			runOnlyForDeploymentPostprocessing = 0;
		};
		DBB70EAB1F39C67100E29426 /* Resources */ = {
			isa = PBXResourcesBuildPhase;
			buildActionMask = 2147483647;
			files = (
			);
			runOnlyForDeploymentPostprocessing = 0;
		};
/* End PBXResourcesBuildPhase section */

/* Begin PBXSourcesBuildPhase section */
		DBB70E851F39C67100E29426 /* Sources */ = {
			isa = PBXSourcesBuildPhase;
			buildActionMask = 2147483647;
			files = (
				DBB70E911F39C67100E29426 /* AppDelegate.m in Sources */,
				DBB70EC21F39EF7000E29426 /* BaseViewController.m in Sources */,
				DBB70E8E1F39C67100E29426 /* main.m in Sources */,
			);
			runOnlyForDeploymentPostprocessing = 0;
		};
		DBB70E9E1F39C67100E29426 /* Sources */ = {
			isa = PBXSourcesBuildPhase;
			buildActionMask = 2147483647;
			files = (
				DBB70EA71F39C67100E29426 /* LLViewControllerTests.m in Sources */,
				DBB70EC31F39EF7000E29426 /* BaseViewController.m in Sources */,
			);
			runOnlyForDeploymentPostprocessing = 0;
		};
		DBB70EA91F39C67100E29426 /* Sources */ = {
			isa = PBXSourcesBuildPhase;
			buildActionMask = 2147483647;
			files = (
				DBB70EB21F39C67100E29426 /* LLViewControllerUITests.m in Sources */,
			);
			runOnlyForDeploymentPostprocessing = 0;
		};
/* End PBXSourcesBuildPhase section */

/* Begin PBXTargetDependency section */
		DBB70EA41F39C67100E29426 /* PBXTargetDependency */ = {
			isa = PBXTargetDependency;
			target = DBB70E881F39C67100E29426 /* LLViewController */;
			targetProxy = DBB70EA31F39C67100E29426 /* PBXContainerItemProxy */;
		};
		DBB70EAF1F39C67100E29426 /* PBXTargetDependency */ = {
			isa = PBXTargetDependency;
			target = DBB70E881F39C67100E29426 /* LLViewController */;
			targetProxy = DBB70EAE1F39C67100E29426 /* PBXContainerItemProxy */;
		};
/* End PBXTargetDependency section */

/* Begin PBXVariantGroup section */
		DBB70E951F39C67100E29426 /* Main.storyboard */ = {
			isa = PBXVariantGroup;
			children = (
				DBB70E961F39C67100E29426 /* Base */,
			);
			name = Main.storyboard;
			sourceTree = "<group>";
		};
		DBB70E9A1F39C67100E29426 /* LaunchScreen.storyboard */ = {
			isa = PBXVariantGroup;
			children = (
				DBB70E9B1F39C67100E29426 /* Base */,
			);
			name = LaunchScreen.storyboard;
			sourceTree = "<group>";
		};
/* End PBXVariantGroup section */

/* Begin XCBuildConfiguration section */
		DBB70EB41F39C67100E29426 /* Debug */ = {
			isa = XCBuildConfiguration;
			buildSettings = {
				ALWAYS_SEARCH_USER_PATHS = NO;
				CLANG_ANALYZER_NONNULL = YES;
				CLANG_ANALYZER_NUMBER_OBJECT_CONVERSION = YES_AGGRESSIVE;
				CLANG_CXX_LANGUAGE_STANDARD = "gnu++0x";
				CLANG_CXX_LIBRARY = "libc++";
				CLANG_ENABLE_MODULES = YES;
				CLANG_ENABLE_OBJC_ARC = YES;
				CLANG_WARN_BOOL_CONVERSION = YES;
				CLANG_WARN_CONSTANT_CONVERSION = YES;
				CLANG_WARN_DIRECT_OBJC_ISA_USAGE = YES_ERROR;
				CLANG_WARN_DOCUMENTATION_COMMENTS = YES;
				CLANG_WARN_EMPTY_BODY = YES;
				CLANG_WARN_ENUM_CONVERSION = YES;
				CLANG_WARN_INFINITE_RECURSION = YES;
				CLANG_WARN_INT_CONVERSION = YES;
				CLANG_WARN_OBJC_ROOT_CLASS = YES_ERROR;
				CLANG_WARN_SUSPICIOUS_MOVE = YES;
				CLANG_WARN_UNREACHABLE_CODE = YES;
				CLANG_WARN__DUPLICATE_METHOD_MATCH = YES;
				"CODE_SIGN_IDENTITY[sdk=iphoneos*]" = "iPhone Developer";
				COPY_PHASE_STRIP = NO;
				DEBUG_INFORMATION_FORMAT = dwarf;
				ENABLE_STRICT_OBJC_MSGSEND = YES;
				ENABLE_TESTABILITY = YES;
				GCC_C_LANGUAGE_STANDARD = gnu99;
				GCC_DYNAMIC_NO_PIC = NO;
				GCC_NO_COMMON_BLOCKS = YES;
				GCC_OPTIMIZATION_LEVEL = 0;
				GCC_PREPROCESSOR_DEFINITIONS = (
					"DEBUG=1",
					"$(inherited)",
				);
				GCC_WARN_64_TO_32_BIT_CONVERSION = YES;
				GCC_WARN_ABOUT_RETURN_TYPE = YES_ERROR;
				GCC_WARN_UNDECLARED_SELECTOR = YES;
				GCC_WARN_UNINITIALIZED_AUTOS = YES_AGGRESSIVE;
				GCC_WARN_UNUSED_FUNCTION = YES;
				GCC_WARN_UNUSED_VARIABLE = YES;
				IPHONEOS_DEPLOYMENT_TARGET = 10.3;
				MTL_ENABLE_DEBUG_INFO = YES;
				ONLY_ACTIVE_ARCH = YES;
				SDKROOT = iphoneos;
				TARGETED_DEVICE_FAMILY = "1,2";
			};
			name = Debug;
		};
		DBB70EB51F39C67100E29426 /* Release */ = {
			isa = XCBuildConfiguration;
			buildSettings = {
				ALWAYS_SEARCH_USER_PATHS = NO;
				CLANG_ANALYZER_NONNULL = YES;
				CLANG_ANALYZER_NUMBER_OBJECT_CONVERSION = YES_AGGRESSIVE;
				CLANG_CXX_LANGUAGE_STANDARD = "gnu++0x";
				CLANG_CXX_LIBRARY = "libc++";
				CLANG_ENABLE_MODULES = YES;
				CLANG_ENABLE_OBJC_ARC = YES;
				CLANG_WARN_BOOL_CONVERSION = YES;
				CLANG_WARN_CONSTANT_CONVERSION = YES;
				CLANG_WARN_DIRECT_OBJC_ISA_USAGE = YES_ERROR;
				CLANG_WARN_DOCUMENTATION_COMMENTS = YES;
				CLANG_WARN_EMPTY_BODY = YES;
				CLANG_WARN_ENUM_CONVERSION = YES;
				CLANG_WARN_INFINITE_RECURSION = YES;
				CLANG_WARN_INT_CONVERSION = YES;
				CLANG_WARN_OBJC_ROOT_CLASS = YES_ERROR;
				CLANG_WARN_SUSPICIOUS_MOVE = YES;
				CLANG_WARN_UNREACHABLE_CODE = YES;
				CLANG_WARN__DUPLICATE_METHOD_MATCH = YES;
				"CODE_SIGN_IDENTITY[sdk=iphoneos*]" = "iPhone Developer";
				COPY_PHASE_STRIP = NO;
				DEBUG_INFORMATION_FORMAT = "dwarf-with-dsym";
				ENABLE_NS_ASSERTIONS = NO;
				ENABLE_STRICT_OBJC_MSGSEND = YES;
				GCC_C_LANGUAGE_STANDARD = gnu99;
				GCC_NO_COMMON_BLOCKS = YES;
				GCC_WARN_64_TO_32_BIT_CONVERSION = YES;
				GCC_WARN_ABOUT_RETURN_TYPE = YES_ERROR;
				GCC_WARN_UNDECLARED_SELECTOR = YES;
				GCC_WARN_UNINITIALIZED_AUTOS = YES_AGGRESSIVE;
				GCC_WARN_UNUSED_FUNCTION = YES;
				GCC_WARN_UNUSED_VARIABLE = YES;
				IPHONEOS_DEPLOYMENT_TARGET = 10.3;
				MTL_ENABLE_DEBUG_INFO = NO;
				SDKROOT = iphoneos;
				TARGETED_DEVICE_FAMILY = "1,2";
				VALIDATE_PRODUCT = YES;
			};
			name = Release;
		};
		DBB70EB71F39C67100E29426 /* Debug */ = {
			isa = XCBuildConfiguration;
			buildSettings = {
				ASSETCATALOG_COMPILER_APPICON_NAME = AppIcon;
				DEVELOPMENT_TEAM = WJ4368PWTY;
				INFOPLIST_FILE = LLViewController/Info.plist;
				LD_RUNPATH_SEARCH_PATHS = "$(inherited) @executable_path/Frameworks";
				PRODUCT_BUNDLE_IDENTIFIER = yinhebaocheng.com.LLViewController;
				PRODUCT_NAME = "$(TARGET_NAME)";
			};
			name = Debug;
		};
		DBB70EB81F39C67100E29426 /* Release */ = {
			isa = XCBuildConfiguration;
			buildSettings = {
				ASSETCATALOG_COMPILER_APPICON_NAME = AppIcon;
				DEVELOPMENT_TEAM = WJ4368PWTY;
				INFOPLIST_FILE = LLViewController/Info.plist;
				LD_RUNPATH_SEARCH_PATHS = "$(inherited) @executable_path/Frameworks";
				PRODUCT_BUNDLE_IDENTIFIER = yinhebaocheng.com.LLViewController;
				PRODUCT_NAME = "$(TARGET_NAME)";
			};
			name = Release;
		};
		DBB70EBA1F39C67100E29426 /* Debug */ = {
			isa = XCBuildConfiguration;
			buildSettings = {
				BUNDLE_LOADER = "$(TEST_HOST)";
				DEVELOPMENT_TEAM = WJ4368PWTY;
				INFOPLIST_FILE = LLViewControllerTests/Info.plist;
				LD_RUNPATH_SEARCH_PATHS = "$(inherited) @executable_path/Frameworks @loader_path/Frameworks";
				PRODUCT_BUNDLE_IDENTIFIER = yinhebaocheng.com.LLViewControllerTests;
				PRODUCT_NAME = "$(TARGET_NAME)";
				TEST_HOST = "$(BUILT_PRODUCTS_DIR)/LLViewController.app/LLViewController";
			};
			name = Debug;
		};
		DBB70EBB1F39C67100E29426 /* Release */ = {
			isa = XCBuildConfiguration;
			buildSettings = {
				BUNDLE_LOADER = "$(TEST_HOST)";
				DEVELOPMENT_TEAM = WJ4368PWTY;
				INFOPLIST_FILE = LLViewControllerTests/Info.plist;
				LD_RUNPATH_SEARCH_PATHS = "$(inherited) @executable_path/Frameworks @loader_path/Frameworks";
				PRODUCT_BUNDLE_IDENTIFIER = yinhebaocheng.com.LLViewControllerTests;
				PRODUCT_NAME = "$(TARGET_NAME)";
				TEST_HOST = "$(BUILT_PRODUCTS_DIR)/LLViewController.app/LLViewController";
			};
			name = Release;
		};
		DBB70EBD1F39C67100E29426 /* Debug */ = {
			isa = XCBuildConfiguration;
			buildSettings = {
				DEVELOPMENT_TEAM = WJ4368PWTY;
				INFOPLIST_FILE = LLViewControllerUITests/Info.plist;
				LD_RUNPATH_SEARCH_PATHS = "$(inherited) @executable_path/Frameworks @loader_path/Frameworks";
				PRODUCT_BUNDLE_IDENTIFIER = yinhebaocheng.com.LLViewControllerUITests;
				PRODUCT_NAME = "$(TARGET_NAME)";
				TEST_TARGET_NAME = LLViewController;
			};
			name = Debug;
		};
		DBB70EBE1F39C67100E29426 /* Release */ = {
			isa = XCBuildConfiguration;
			buildSettings = {
				DEVELOPMENT_TEAM = WJ4368PWTY;
				INFOPLIST_FILE = LLViewControllerUITests/Info.plist;
				LD_RUNPATH_SEARCH_PATHS = "$(inherited) @executable_path/Frameworks @loader_path/Frameworks";
				PRODUCT_BUNDLE_IDENTIFIER = yinhebaocheng.com.LLViewControllerUITests;
				PRODUCT_NAME = "$(TARGET_NAME)";
				TEST_TARGET_NAME = LLViewController;
			};
			name = Release;
		};
/* End XCBuildConfiguration section */

/* Begin XCConfigurationList section */
		DBB70E841F39C67100E29426 /* Build configuration list for PBXProject "LLViewController" */ = {
			isa = XCConfigurationList;
			buildConfigurations = (
				DBB70EB41F39C67100E29426 /* Debug */,
				DBB70EB51F39C67100E29426 /* Release */,
			);
			defaultConfigurationIsVisible = 0;
			defaultConfigurationName = Release;
		};
		DBB70EB61F39C67100E29426 /* Build configuration list for PBXNativeTarget "LLViewController" */ = {
			isa = XCConfigurationList;
			buildConfigurations = (
				DBB70EB71F39C67100E29426 /* Debug */,
				DBB70EB81F39C67100E29426 /* Release */,
			);
			defaultConfigurationIsVisible = 0;
		};
		DBB70EB91F39C67100E29426 /* Build configuration list for PBXNativeTarget "LLViewControllerTests" */ = {
			isa = XCConfigurationList;
			buildConfigurations = (
				DBB70EBA1F39C67100E29426 /* Debug */,
				DBB70EBB1F39C67100E29426 /* Release */,
			);
			defaultConfigurationIsVisible = 0;
		};
		DBB70EBC1F39C67100E29426 /* Build configuration list for PBXNativeTarget "LLViewControllerUITests" */ = {
			isa = XCConfigurationList;
			buildConfigurations = (
				DBB70EBD1F39C67100E29426 /* Debug */,
				DBB70EBE1F39C67100E29426 /* Release */,
			);
			defaultConfigurationIsVisible = 0;
		};
/* End XCConfigurationList section */
	};
	rootObject = DBB70E811F39C67100E29426 /* Project object */;
}
